
Microsoft Visual Studio Solution File, Format Version 12.00
# Visual Studio Version 16
VisualStudioVersion = 16.0.31624.102
MinimumVisualStudioVersion = 10.0.40219.1
Project("{FAE04EC0-301F-11D3-BF4B-00C04F79EFBC}") = "TemplateDesignPattern.UpSchool", "TemplateDesignPattern.UpSchool\TemplateDesignPattern.UpSchool.csproj", "{D262E319-9A96-49AE-B5A0-6C17CD5A0EE2}"
EndProject
Global
	GlobalSection(SolutionConfigurationPlatforms) = preSolution
		Debug|Any CPU = Debug|Any CPU
		Release|Any CPU = Release|Any CPU
	EndGlobalSection
	GlobalSection(ProjectConfigurationPlatforms) = postSolution
		{D262E319-9A96-49AE-B5A0-6C17CD5A0EE2}.Debug|Any CPU.ActiveCfg = Debug|Any CPU
		{D262E319-9A96-49AE-B5A0-6C17CD5A0EE2}.Debug|Any CPU.Build.0 = Debug|Any CPU
		{D262E319-9A96-49AE-B5A0-6C17CD5A0EE2}.Release|Any CPU.ActiveCfg = Release|Any CPU
		{D262E319-9A96-49AE-B5A0-6C17CD5A0EE2}.Release|Any CPU.Build.0 = Release|Any CPU
	EndGlobalSection
	GlobalSection(SolutionProperties) = preSolution
		HideSolutionNode = FALSE
	EndGlobalSection
	GlobalSection(ExtensibilityGlobals) = postSolution
		SolutionGuid = {049DE0A6-79FB-4F99-8E2B-F0B6E0AFE08E}
	EndGlobalSection
EndGlobal
